#MicroXplorer Configuration settings - do not modify
BSP_IP_NAME=NUCLEO-G474RE
CAD.formats=[]
CAD.pinconfig=Dual
CAD.provider=Component Search Engine
FDCAN1.CalculateBaudRateNominal=1000000
FDCAN1.CalculateTimeBitNominal=1000
FDCAN1.CalculateTimeQuantumNominal=100.0
FDCAN1.IPParameters=CalculateTimeQuantumNominal,CalculateTimeBitNominal,CalculateBaudRateNominal,NominalPrescaler,NominalTimeSeg1
FDCAN1.NominalPrescaler=17
FDCAN1.NominalTimeSeg1=8
FDCAN2.CalculateBaudRateNominal=1000000
FDCAN2.CalculateTimeBitNominal=1000
FDCAN2.CalculateTimeQuantumNominal=100.0
FDCAN2.IPParameters=CalculateTimeQuantumNominal,CalculateTimeBitNominal,CalculateBaudRateNominal,NominalPrescaler,NominalTimeSeg1
FDCAN2.NominalPrescaler=17
FDCAN2.NominalTimeSeg1=8
FDCAN3.CalculateBaudRateNominal=1000000
FDCAN3.CalculateTimeBitNominal=1000
FDCAN3.CalculateTimeQuantumNominal=100.0
FDCAN3.IPParameters=CalculateTimeQuantumNominal,CalculateTimeBitNominal,CalculateBaudRateNominal,NominalPrescaler,NominalTimeSeg1
FDCAN3.NominalPrescaler=17
FDCAN3.NominalTimeSeg1=8
File.Version=6
GPIO.groupedBy=Group By Peripherals
I2C3.I2C_Fall_Time=0
I2C3.I2C_Rise_Time=0
I2C3.I2C_Speed_Mode=I2C_Fast
I2C3.IPParameters=Timing,I2C_Speed_Mode,I2C_Rise_Time,I2C_Fall_Time,Speed
I2C3.Speed=400
I2C3.Timing=0x10802D9B
KeepUserPlacement=false
LPUART1.BaudRate=115200
LPUART1.IPParameters=BaudRate
Mcu.CPN=STM32G474RET6
Mcu.Family=STM32G4
Mcu.IP0=FDCAN1
Mcu.IP1=FDCAN2
Mcu.IP10=TIM3
Mcu.IP11=TIM7
Mcu.IP12=USART1
Mcu.IP13=NUCLEO-G474RE
Mcu.IP2=FDCAN3
Mcu.IP3=I2C3
Mcu.IP4=LPUART1
Mcu.IP5=NVIC
Mcu.IP6=RCC
Mcu.IP7=SYS
Mcu.IP8=TIM1
Mcu.IP9=TIM2
Mcu.IPNb=14
Mcu.Name=STM32G474R(B-C-E)Tx
Mcu.Package=LQFP64
Mcu.Pin0=PC14-OSC32_IN
Mcu.Pin1=PC15-OSC32_OUT
Mcu.Pin10=PA2
Mcu.Pin11=PA3
Mcu.Pin12=PA4
Mcu.Pin13=PA6
Mcu.Pin14=PA7
Mcu.Pin15=PB0
Mcu.Pin16=PB1
Mcu.Pin17=PB2
Mcu.Pin18=PB10
Mcu.Pin19=PB11
Mcu.Pin2=PF0-OSC_IN
Mcu.Pin20=PB12
Mcu.Pin21=PB13
Mcu.Pin22=PC6
Mcu.Pin23=PC7
Mcu.Pin24=PC8
Mcu.Pin25=PC9
Mcu.Pin26=PA8
Mcu.Pin27=PA9
Mcu.Pin28=PA10
Mcu.Pin29=PA11
Mcu.Pin3=PF1-OSC_OUT
Mcu.Pin30=PA12
Mcu.Pin31=PA13
Mcu.Pin32=PA14
Mcu.Pin33=PA15
Mcu.Pin34=PC10
Mcu.Pin35=PC11
Mcu.Pin36=PC12
Mcu.Pin37=PB3
Mcu.Pin38=PB4
Mcu.Pin39=PB6
Mcu.Pin4=PC0
Mcu.Pin40=PB9
Mcu.Pin41=VP_SYS_VS_Systick
Mcu.Pin42=VP_SYS_VS_DBSignals
Mcu.Pin43=VP_TIM1_VS_ClockSourceINT
Mcu.Pin44=VP_TIM2_VS_ClockSourceINT
Mcu.Pin45=VP_TIM3_VS_ClockSourceINT
Mcu.Pin46=VP_TIM7_VS_ClockSourceINT
Mcu.Pin5=PC1
Mcu.Pin6=PC2
Mcu.Pin7=PC3
Mcu.Pin8=PA0
Mcu.Pin9=PA1
Mcu.PinsNb=47
Mcu.ThirdPartyNb=0
Mcu.UserConstants=
Mcu.UserName=STM32G474RETx
MxCube.Version=6.16.1
MxDb.Version=DB.6.0.161
NVIC.BusFault_IRQn=true\:0\:0\:false\:false\:true\:false\:false\:false
NVIC.DebugMonitor_IRQn=true\:0\:0\:false\:false\:true\:false\:false\:false
NVIC.EXTI0_IRQn=true\:0\:0\:false\:false\:true\:true\:true\:true
NVIC.EXTI15_10_IRQn=true\:0\:0\:false\:false\:true\:true\:true\:true
NVIC.EXTI1_IRQn=true\:0\:0\:false\:false\:true\:true\:true\:true
NVIC.EXTI2_IRQn=true\:0\:0\:false\:false\:true\:true\:true\:true
NVIC.EXTI4_IRQn=true\:0\:0\:false\:false\:true\:true\:true\:true
NVIC.EXTI9_5_IRQn=true\:0\:0\:false\:false\:true\:true\:true\:true
NVIC.FDCAN1_IT0_IRQn=true\:0\:0\:false\:false\:true\:true\:true\:true
NVIC.FDCAN2_IT0_IRQn=true\:0\:0\:false\:false\:true\:true\:true\:true
NVIC.FDCAN3_IT0_IRQn=true\:0\:0\:false\:false\:true\:true\:true\:true
NVIC.ForceEnableDMAVector=true
NVIC.HardFault_IRQn=true\:0\:0\:false\:false\:true\:false\:false\:false
NVIC.I2C3_EV_IRQn=true\:0\:0\:false\:false\:true\:true\:true\:true
NVIC.MemoryManagement_IRQn=true\:0\:0\:false\:false\:true\:false\:false\:false
NVIC.NonMaskableInt_IRQn=true\:0\:0\:false\:false\:true\:false\:false\:false
NVIC.PendSV_IRQn=true\:0\:0\:false\:false\:true\:false\:false\:false
NVIC.PriorityGroup=NVIC_PRIORITYGROUP_4
NVIC.SVCall_IRQn=true\:0\:0\:false\:false\:true\:false\:false\:false
NVIC.SysTick_IRQn=true\:0\:0\:false\:false\:true\:false\:true\:false
NVIC.TIM7_DAC_IRQn=true\:0\:0\:false\:false\:true\:true\:true\:true
NVIC.UsageFault_IRQn=true\:0\:0\:false\:false\:true\:false\:false\:false
PA0.Locked=true
PA0.Signal=S_TIM2_CH1
PA1.Locked=true
PA1.Signal=S_TIM2_CH2
PA10.Locked=true
PA10.Mode=Asynchronous
PA10.Signal=USART1_RX
PA11.Locked=true
PA11.Mode=FDCAN_Activate
PA11.Signal=FDCAN1_RX
PA12.Mode=FDCAN_Activate
PA12.Signal=FDCAN1_TX
PA13.GPIOParameters=GPIO_Label
PA13.GPIO_Label=T_SWDIO
PA13.Locked=true
PA13.Signal=SYS_JTMS-SWDIO
PA14.GPIOParameters=GPIO_Label
PA14.GPIO_Label=T_SWCLK
PA14.Locked=true
PA14.Signal=SYS_JTCK-SWCLK
PA15.GPIOParameters=GPIO_Label
PA15.GPIO_Label=LED_Output
PA15.Locked=true
PA15.Signal=GPIO_Output
PA2.GPIOParameters=GPIO_Label
PA2.GPIO_Label=LPUART1_TX [STLINKV3E_VCP_RX]
PA2.Locked=true
PA2.Mode=Asynchronous
PA2.Signal=LPUART1_TX
PA3.GPIOParameters=GPIO_Label
PA3.GPIO_Label=LPUART1_RX [STLINKV3E_VCP_TX]
PA3.Locked=true
PA3.Mode=Asynchronous
PA3.Signal=LPUART1_RX
PA4.GPIOParameters=GPIO_ModeDefaultEXTI
PA4.GPIO_ModeDefaultEXTI=GPIO_MODE_IT_RISING_FALLING
PA4.Locked=true
PA4.Signal=GPXTI4
PA6.GPIOParameters=GPIO_ModeDefaultEXTI
PA6.GPIO_ModeDefaultEXTI=GPIO_MODE_IT_RISING_FALLING
PA6.Locked=true
PA6.Signal=GPXTI6
PA7.GPIOParameters=GPIO_ModeDefaultEXTI
PA7.GPIO_ModeDefaultEXTI=GPIO_MODE_IT_RISING_FALLING
PA7.Locked=true
PA7.Signal=GPXTI7
PA8.Locked=true
PA8.Mode=FDCAN_Activate
PA8.Signal=FDCAN3_RX
PA9.Locked=true
PA9.Mode=Asynchronous
PA9.Signal=USART1_TX
PB0.GPIOParameters=GPIO_ModeDefaultEXTI
PB0.GPIO_ModeDefaultEXTI=GPIO_MODE_IT_RISING_FALLING
PB0.Locked=true
PB0.Signal=GPXTI0
PB1.GPIOParameters=GPIO_ModeDefaultEXTI
PB1.GPIO_ModeDefaultEXTI=GPIO_MODE_IT_RISING_FALLING
PB1.Locked=true
PB1.Signal=GPXTI1
PB10.Locked=true
PB10.Signal=S_TIM2_CH3
PB11.Locked=true
PB11.Signal=S_TIM2_CH4
PB12.Locked=true
PB12.Mode=FDCAN_Activate
PB12.Signal=FDCAN2_RX
PB13.GPIOParameters=GPIO_ModeDefaultEXTI
PB13.GPIO_ModeDefaultEXTI=GPIO_MODE_IT_RISING_FALLING
PB13.Locked=true
PB13.Signal=GPXTI13
PB2.GPIOParameters=GPIO_ModeDefaultEXTI
PB2.GPIO_ModeDefaultEXTI=GPIO_MODE_IT_RISING_FALLING
PB2.Locked=true
PB2.Signal=GPXTI2
PB3.GPIOParameters=GPIO_Label
PB3.GPIO_Label=T_SWO
PB3.Locked=true
PB3.Signal=SYS_JTDO-SWO
PB4.Mode=FDCAN_Activate
PB4.Signal=FDCAN3_TX
PB6.Mode=FDCAN_Activate
PB6.Signal=FDCAN2_TX
PB9.GPIOParameters=GPIO_ModeDefaultEXTI
PB9.GPIO_ModeDefaultEXTI=GPIO_MODE_IT_RISING_FALLING
PB9.Locked=true
PB9.Signal=GPXTI9
PC0.Locked=true
PC0.Signal=S_TIM1_CH1
PC1.Locked=true
PC1.Signal=S_TIM1_CH2
PC10.GPIOParameters=GPIO_ModeDefaultEXTI
PC10.GPIO_ModeDefaultEXTI=GPIO_MODE_IT_RISING_FALLING
PC10.Locked=true
PC10.Signal=GPXTI10
PC11.GPIOParameters=GPIO_ModeDefaultEXTI
PC11.GPIO_ModeDefaultEXTI=GPIO_MODE_IT_RISING_FALLING
PC11.Locked=true
PC11.Signal=GPXTI11
PC12.GPIOParameters=GPIO_ModeDefaultEXTI
PC12.GPIO_ModeDefaultEXTI=GPIO_MODE_IT_RISING_FALLING
PC12.Locked=true
PC12.Signal=GPXTI12
PC14-OSC32_IN.GPIOParameters=GPIO_Label
PC14-OSC32_IN.GPIO_Label=RCC_OSC32_IN
PC14-OSC32_IN.Locked=true
PC14-OSC32_IN.Signal=RCC_OSC32_IN
PC15-OSC32_OUT.GPIOParameters=GPIO_Label
PC15-OSC32_OUT.GPIO_Label=RCC_OSC32_OUT
PC15-OSC32_OUT.Locked=true
PC15-OSC32_OUT.Signal=RCC_OSC32_OUT
PC2.Locked=true
PC2.Signal=S_TIM1_CH3
PC3.Locked=true
PC3.Signal=S_TIM1_CH4
PC6.Locked=true
PC6.Signal=S_TIM3_CH1
PC7.Locked=true
PC7.Signal=S_TIM3_CH2
PC8.GPIOParameters=GPIO_Pu
PC8.GPIO_Pu=GPIO_PULLUP
PC8.Locked=true
PC8.Mode=I2C
PC8.Signal=I2C3_SCL
PC9.GPIOParameters=GPIO_Pu
PC9.GPIO_Pu=GPIO_PULLUP
PC9.Locked=true
PC9.Mode=I2C
PC9.Signal=I2C3_SDA
PF0-OSC_IN.GPIOParameters=GPIO_Label
PF0-OSC_IN.GPIO_Label=RCC_OSC_IN
PF0-OSC_IN.Locked=true
PF0-OSC_IN.Signal=RCC_OSC_IN
PF1-OSC_OUT.GPIOParameters=GPIO_Label
PF1-OSC_OUT.GPIO_Label=RCC_OSC_OUT
PF1-OSC_OUT.Locked=true
PF1-OSC_OUT.Signal=RCC_OSC_OUT
PinOutPanel.RotationAngle=0
ProjectManager.AskForMigrate=true
ProjectManager.BackupPrevious=false
ProjectManager.CompilerLinker=GCC
ProjectManager.CompilerOptimize=6
ProjectManager.ComputerToolchain=false
ProjectManager.CoupleFile=true
ProjectManager.CustomerFirmwarePackage=
ProjectManager.DefaultFWLocation=true
ProjectManager.DeletePrevious=true
ProjectManager.DeviceId=STM32G474RETx
ProjectManager.FirmwarePackage=STM32Cube FW_G4 V1.6.1
ProjectManager.FreePins=false
ProjectManager.FreePinsContext=
ProjectManager.HalAssertFull=false
ProjectManager.HeapSize=0x200
ProjectManager.KeepUserCode=true
ProjectManager.LastFirmware=true
ProjectManager.LibraryCopy=0
ProjectManager.MainLocation=Core/Src
ProjectManager.NoMain=false
ProjectManager.PreviousToolchain=
ProjectManager.ProjectBuild=false
ProjectManager.ProjectFileName=ARRC_HAL_Lib.ioc
ProjectManager.ProjectName=ARRC_HAL_Lib
ProjectManager.ProjectStructure=
ProjectManager.RegisterCallBack=
ProjectManager.StackSize=0x400
ProjectManager.TargetToolchain=CMake
ProjectManager.ToolChainLocation=
ProjectManager.UAScriptAfterPath=
ProjectManager.UAScriptBeforePath=
ProjectManager.UnderRoot=false
ProjectManager.functionlistsort=1-SystemClock_Config-RCC-false-HAL-false,2-MX_GPIO_Init-GPIO-false-HAL-true,3-MX_FDCAN1_Init-FDCAN1-false-HAL-true,4-MX_FDCAN2_Init-FDCAN2-false-HAL-true,5-MX_FDCAN3_Init-FDCAN3-false-HAL-true,6-MX_I2C3_Init-I2C3-false-HAL-true,7-MX_LPUART1_UART_Init-LPUART1-false-HAL-true,8-MX_TIM2_Init-TIM2-false-HAL-true,9-MX_USART1_UART_Init-USART1-false-HAL-true,10-MX_TIM1_Init-TIM1-false-HAL-true,11-MX_TIM3_Init-TIM3-false-HAL-true,12-MX_TIM7_Init-TIM7-false-HAL-true
RCC.ADC12Freq_Value=170000000
RCC.ADC345Freq_Value=170000000
RCC.AHBFreq_Value=170000000
RCC.APB1Freq_Value=170000000
RCC.APB1TimFreq_Value=170000000
RCC.APB2Freq_Value=170000000
RCC.APB2TimFreq_Value=170000000
RCC.CRSFreq_Value=48000000
RCC.CortexFreq_Value=170000000
RCC.EXTERNAL_CLOCK_VALUE=12288000
RCC.FCLKCortexFreq_Value=170000000
RCC.FDCANFreq_Value=170000000
RCC.FamilyName=M
RCC.HCLKFreq_Value=170000000
RCC.HRTIM1Freq_Value=170000000
RCC.HSE_VALUE=24000000
RCC.HSI48_VALUE=48000000
RCC.HSI_VALUE=16000000
RCC.I2C1Freq_Value=170000000
RCC.I2C2Freq_Value=170000000
RCC.I2C3Freq_Value=170000000
RCC.I2C4Freq_Value=170000000
RCC.I2SFreq_Value=170000000
RCC.IPParameters=ADC12Freq_Value,ADC345Freq_Value,AHBFreq_Value,APB1Freq_Value,APB1TimFreq_Value,APB2Freq_Value,APB2TimFreq_Value,CRSFreq_Value,CortexFreq_Value,EXTERNAL_CLOCK_VALUE,FCLKCortexFreq_Value,FDCANFreq_Value,FamilyName,HCLKFreq_Value,HRTIM1Freq_Value,HSE_VALUE,HSI48_VALUE,HSI_VALUE,I2C1Freq_Value,I2C2Freq_Value,I2C3Freq_Value,I2C4Freq_Value,I2SFreq_Value,LPTIM1Freq_Value,LPUART1Freq_Value,LSCOPinFreq_Value,LSE_VALUE,LSI_VALUE,MCO1PinFreq_Value,PLLM,PLLN,PLLPoutputFreq_Value,PLLQoutputFreq_Value,PLLRCLKFreq_Value,PWRFreq_Value,QSPIFreq_Value,RNGFreq_Value,RTCClockSelection,RTCFreq_Value,SAI1Freq_Value,SYSCLKFreq_VALUE,SYSCLKSource,UART4Freq_Value,UART5Freq_Value,USART1Freq_Value,USART2Freq_Value,USART3Freq_Value,USBFreq_Value,VCOInputFreq_Value,VCOOutputFreq_Value
RCC.LPTIM1Freq_Value=170000000
RCC.LPUART1Freq_Value=170000000
RCC.LSCOPinFreq_Value=32000
RCC.LSE_VALUE=32768
RCC.LSI_VALUE=32000
RCC.MCO1PinFreq_Value=16000000
RCC.PLLM=RCC_PLLM_DIV4
RCC.PLLN=85
RCC.PLLPoutputFreq_Value=170000000
RCC.PLLQoutputFreq_Value=170000000
RCC.PLLRCLKFreq_Value=170000000
RCC.PWRFreq_Value=170000000
RCC.QSPIFreq_Value=170000000
RCC.RNGFreq_Value=170000000
RCC.RTCClockSelection=RCC_RTCCLKSOURCE_LSE
RCC.RTCFreq_Value=32768
RCC.SAI1Freq_Value=170000000
RCC.SYSCLKFreq_VALUE=170000000
RCC.SYSCLKSource=RCC_SYSCLKSOURCE_PLLCLK
RCC.UART4Freq_Value=170000000
RCC.UART5Freq_Value=170000000
RCC.USART1Freq_Value=170000000
RCC.USART2Freq_Value=170000000
RCC.USART3Freq_Value=170000000
RCC.USBFreq_Value=170000000
RCC.VCOInputFreq_Value=4000000
RCC.VCOOutputFreq_Value=340000000
SH.GPXTI0.0=GPIO_EXTI0
SH.GPXTI0.ConfNb=1
SH.GPXTI1.0=GPIO_EXTI1
SH.GPXTI1.ConfNb=1
SH.GPXTI10.0=GPIO_EXTI10
SH.GPXTI10.ConfNb=1
SH.GPXTI11.0=GPIO_EXTI11
SH.GPXTI11.ConfNb=1
SH.GPXTI12.0=GPIO_EXTI12
SH.GPXTI12.ConfNb=1
SH.GPXTI13.0=GPIO_EXTI13
SH.GPXTI13.ConfNb=1
SH.GPXTI2.0=GPIO_EXTI2
SH.GPXTI2.ConfNb=1
SH.GPXTI4.0=GPIO_EXTI4
SH.GPXTI4.ConfNb=1
SH.GPXTI6.0=GPIO_EXTI6
SH.GPXTI6.ConfNb=1
SH.GPXTI7.0=GPIO_EXTI7
SH.GPXTI7.ConfNb=1
SH.GPXTI9.0=GPIO_EXTI9
SH.GPXTI9.ConfNb=1
SH.S_TIM1_CH1.0=TIM1_CH1,PWM Generation1 CH1
SH.S_TIM1_CH1.ConfNb=1
SH.S_TIM1_CH2.0=TIM1_CH2,PWM Generation2 CH2
SH.S_TIM1_CH2.ConfNb=1
SH.S_TIM1_CH3.0=TIM1_CH3,PWM Generation3 CH3
SH.S_TIM1_CH3.ConfNb=1
SH.S_TIM1_CH4.0=TIM1_CH4,PWM Generation4 CH4
SH.S_TIM1_CH4.ConfNb=1
SH.S_TIM2_CH1.0=TIM2_CH1,PWM Generation1 CH1
SH.S_TIM2_CH1.ConfNb=1
SH.S_TIM2_CH2.0=TIM2_CH2,PWM Generation2 CH2
SH.S_TIM2_CH2.ConfNb=1
SH.S_TIM2_CH3.0=TIM2_CH3,PWM Generation3 CH3
SH.S_TIM2_CH3.ConfNb=1
SH.S_TIM2_CH4.0=TIM2_CH4,PWM Generation4 CH4
SH.S_TIM2_CH4.ConfNb=1
SH.S_TIM3_CH1.0=TIM3_CH1,PWM Generation1 CH1
SH.S_TIM3_CH1.ConfNb=1
SH.S_TIM3_CH2.0=TIM3_CH2,PWM Generation2 CH2
SH.S_TIM3_CH2.ConfNb=1
TIM1.AutoReloadPreload=TIM_AUTORELOAD_PRELOAD_ENABLE
TIM1.Channel-PWM\ Generation1\ CH1=TIM_CHANNEL_1
TIM1.Channel-PWM\ Generation2\ CH2=TIM_CHANNEL_2
TIM1.Channel-PWM\ Generation3\ CH3=TIM_CHANNEL_3
TIM1.Channel-PWM\ Generation4\ CH4=TIM_CHANNEL_4
TIM1.IPParameters=PeriodNoDither,AutoReloadPreload,Channel-PWM Generation1 CH1,Channel-PWM Generation2 CH2,Channel-PWM Generation3 CH3,Channel-PWM Generation4 CH4
TIM1.PeriodNoDither=8499
TIM2.AutoReloadPreload=TIM_AUTORELOAD_PRELOAD_ENABLE
TIM2.Channel-PWM\ Generation1\ CH1=TIM_CHANNEL_1
TIM2.Channel-PWM\ Generation2\ CH2=TIM_CHANNEL_2
TIM2.Channel-PWM\ Generation3\ CH3=TIM_CHANNEL_3
TIM2.Channel-PWM\ Generation4\ CH4=TIM_CHANNEL_4
TIM2.IPParameters=Channel-PWM Generation1 CH1,Channel-PWM Generation2 CH2,Channel-PWM Generation3 CH3,Channel-PWM Generation4 CH4,PeriodNoDither,AutoReloadPreload
TIM2.PeriodNoDither=8499
TIM3.AutoReloadPreload=TIM_AUTORELOAD_PRELOAD_ENABLE
TIM3.Channel-PWM\ Generation1\ CH1=TIM_CHANNEL_1
TIM3.Channel-PWM\ Generation2\ CH2=TIM_CHANNEL_2
TIM3.IPParameters=Channel-PWM Generation2 CH2,PeriodNoDither,AutoReloadPreload,Channel-PWM Generation1 CH1
TIM3.PeriodNoDither=8499
TIM7.IPParameters=Prescaler,PeriodNoDither
TIM7.PeriodNoDither=1700-1
TIM7.Prescaler=100-1
USART1.IPParameters=VirtualMode-Asynchronous
USART1.VirtualMode-Asynchronous=VM_ASYNC
VP_SYS_VS_DBSignals.Mode=DisableDeadBatterySignals
VP_SYS_VS_DBSignals.Signal=SYS_VS_DBSignals
VP_SYS_VS_Systick.Mode=SysTick
VP_SYS_VS_Systick.Signal=SYS_VS_Systick
VP_TIM1_VS_ClockSourceINT.Mode=Internal
VP_TIM1_VS_ClockSourceINT.Signal=TIM1_VS_ClockSourceINT
VP_TIM2_VS_ClockSourceINT.Mode=Internal
VP_TIM2_VS_ClockSourceINT.Signal=TIM2_VS_ClockSourceINT
VP_TIM3_VS_ClockSourceINT.Mode=Internal
VP_TIM3_VS_ClockSourceINT.Signal=TIM3_VS_ClockSourceINT
VP_TIM7_VS_ClockSourceINT.Mode=Enable_Timer
VP_TIM7_VS_ClockSourceINT.Signal=TIM7_VS_ClockSourceINT
board=NUCLEO-G474RE
boardIOC=true
